// !$*UTF8*$!
{
	archiveVersion = 1;
	classes = {
	};
	objectVersion = 46;
	objects = {

/* Begin PBXBuildFile section */
		4C16F6A21B5003F4000E0F42 /* AppDelegate.swift in Sources */ = {isa = PBXBuildFile; fileRef = 4C16F6A11B5003F4000E0F42 /* AppDelegate.swift */; };
		4C16F6A41B5003F4000E0F42 /* ViewController.swift in Sources */ = {isa = PBXBuildFile; fileRef = 4C16F6A31B5003F4000E0F42 /* ViewController.swift */; };
		4C16F6A71B5003F4000E0F42 /* Main.storyboard in Resources */ = {isa = PBXBuildFile; fileRef = 4C16F6A51B5003F4000E0F42 /* Main.storyboard */; };
		4C16F6A91B5003F4000E0F42 /* Images.xcassets in Resources */ = {isa = PBXBuildFile; fileRef = 4C16F6A81B5003F4000E0F42 /* Images.xcassets */; };
		4C16F6AC1B5003F4000E0F42 /* LaunchScreen.xib in Resources */ = {isa = PBXBuildFile; fileRef = 4C16F6AA1B5003F4000E0F42 /* LaunchScreen.xib */; };
		4C16F6B81B5003F4000E0F42 /* Swift_RSAUtilsTests.swift in Sources */ = {isa = PBXBuildFile; fileRef = 4C16F6B71B5003F4000E0F42 /* Swift_RSAUtilsTests.swift */; };
		4C16F6C21B500C55000E0F42 /* RSAUtils.swift in Sources */ = {isa = PBXBuildFile; fileRef = 4C16F6C11B500C55000E0F42 /* RSAUtils.swift */; };
/* End PBXBuildFile section */

/* Begin PBXContainerItemProxy section */
		4C16F6B21B5003F4000E0F42 /* PBXContainerItemProxy */ = {
			isa = PBXContainerItemProxy;
			containerPortal = 4C16F6941B5003F4000E0F42 /* Project object */;
			proxyType = 1;
			remoteGlobalIDString = 4C16F69B1B5003F4000E0F42;
			remoteInfo = "Swift-RSAUtils";
		};
/* End PBXContainerItemProxy section */

/* Begin PBXFileReference section */
		4C16F69C1B5003F4000E0F42 /* Swift-RSAUtils.app */ = {isa = PBXFileReference; explicitFileType = wrapper.application; includeInIndex = 0; path = "Swift-RSAUtils.app"; sourceTree = BUILT_PRODUCTS_DIR; };
		4C16F6A01B5003F4000E0F42 /* Info.plist */ = {isa = PBXFileReference; lastKnownFileType = text.plist.xml; path = Info.plist; sourceTree = "<group>"; };
		4C16F6A11B5003F4000E0F42 /* AppDelegate.swift */ = {isa = PBXFileReference; lastKnownFileType = sourcecode.swift; path = AppDelegate.swift; sourceTree = "<group>"; };
		4C16F6A31B5003F4000E0F42 /* ViewController.swift */ = {isa = PBXFileReference; lastKnownFileType = sourcecode.swift; path = ViewController.swift; sourceTree = "<group>"; };
		4C16F6A61B5003F4000E0F42 /* Base */ = {isa = PBXFileReference; lastKnownFileType = file.storyboard; name = Base; path = Base.lproj/Main.storyboard; sourceTree = "<group>"; };
		4C16F6A81B5003F4000E0F42 /* Images.xcassets */ = {isa = PBXFileReference; lastKnownFileType = folder.assetcatalog; path = Images.xcassets; sourceTree = "<group>"; };
		4C16F6AB1B5003F4000E0F42 /* Base */ = {isa = PBXFileReference; lastKnownFileType = file.xib; name = Base; path = Base.lproj/LaunchScreen.xib; sourceTree = "<group>"; };
		4C16F6B11B5003F4000E0F42 /* Swift-RSAUtilsTests.xctest */ = {isa = PBXFileReference; explicitFileType = wrapper.cfbundle; includeInIndex = 0; path = "Swift-RSAUtilsTests.xctest"; sourceTree = BUILT_PRODUCTS_DIR; };
		4C16F6B61B5003F4000E0F42 /* Info.plist */ = {isa = PBXFileReference; lastKnownFileType = text.plist.xml; path = Info.plist; sourceTree = "<group>"; };
		4C16F6B71B5003F4000E0F42 /* Swift_RSAUtilsTests.swift */ = {isa = PBXFileReference; lastKnownFileType = sourcecode.swift; path = Swift_RSAUtilsTests.swift; sourceTree = "<group>"; };
		4C16F6C11B500C55000E0F42 /* RSAUtils.swift */ = {isa = PBXFileReference; fileEncoding = 4; lastKnownFileType = sourcecode.swift; path = RSAUtils.swift; sourceTree = "<group>"; };
/* End PBXFileReference section */

/* Begin PBXFrameworksBuildPhase section */
		4C16F6991B5003F4000E0F42 /* Frameworks */ = {
			isa = PBXFrameworksBuildPhase;
			buildActionMask = 2147483647;
			files = (
			);
			runOnlyForDeploymentPostprocessing = 0;
		};
		4C16F6AE1B5003F4000E0F42 /* Frameworks */ = {
			isa = PBXFrameworksBuildPhase;
			buildActionMask = 2147483647;
			files = (
			);
			runOnlyForDeploymentPostprocessing = 0;
		};
/* End PBXFrameworksBuildPhase section */

/* Begin PBXGroup section */
		4C16F6931B5003F4000E0F42 = {
			isa = PBXGroup;
			children = (
				4C16F69E1B5003F4000E0F42 /* Swift-RSAUtils */,
				4C16F6B41B5003F4000E0F42 /* Swift-RSAUtilsTests */,
				4C16F69D1B5003F4000E0F42 /* Products */,
			);
			sourceTree = "<group>";
		};
		4C16F69D1B5003F4000E0F42 /* Products */ = {
			isa = PBXGroup;
			children = (
				4C16F69C1B5003F4000E0F42 /* Swift-RSAUtils.app */,
				4C16F6B11B5003F4000E0F42 /* Swift-RSAUtilsTests.xctest */,
			);
			name = Products;
			sourceTree = "<group>";
		};
		4C16F69E1B5003F4000E0F42 /* Swift-RSAUtils */ = {
			isa = PBXGroup;
			children = (
				4C16F6A51B5003F4000E0F42 /* Main.storyboard */,
				4C16F6A31B5003F4000E0F42 /* ViewController.swift */,
				4C16F69F1B5003F4000E0F42 /* Supporting Files */,
				4C16F6C11B500C55000E0F42 /* RSAUtils.swift */,
			);
			path = "Swift-RSAUtils";
			sourceTree = "<group>";
		};
		4C16F69F1B5003F4000E0F42 /* Supporting Files */ = {
			isa = PBXGroup;
			children = (
				4C16F6A81B5003F4000E0F42 /* Images.xcassets */,
				4C16F6AA1B5003F4000E0F42 /* LaunchScreen.xib */,
				4C16F6A11B5003F4000E0F42 /* AppDelegate.swift */,
				4C16F6A01B5003F4000E0F42 /* Info.plist */,
			);
			name = "Supporting Files";
			sourceTree = "<group>";
		};
		4C16F6B41B5003F4000E0F42 /* Swift-RSAUtilsTests */ = {
			isa = PBXGroup;
			children = (
				4C16F6B71B5003F4000E0F42 /* Swift_RSAUtilsTests.swift */,
				4C16F6B51B5003F4000E0F42 /* Supporting Files */,
			);
			path = "Swift-RSAUtilsTests";
			sourceTree = "<group>";
		};
		4C16F6B51B5003F4000E0F42 /* Supporting Files */ = {
			isa = PBXGroup;
			children = (
				4C16F6B61B5003F4000E0F42 /* Info.plist */,
			);
			name = "Supporting Files";
			sourceTree = "<group>";
		};
/* End PBXGroup section */

/* Begin PBXNativeTarget section */
		4C16F69B1B5003F4000E0F42 /* Swift-RSAUtils */ = {
			isa = PBXNativeTarget;
			buildConfigurationList = 4C16F6BB1B5003F4000E0F42 /* Build configuration list for PBXNativeTarget "Swift-RSAUtils" */;
			buildPhases = (
				4C16F6981B5003F4000E0F42 /* Sources */,
				4C16F6991B5003F4000E0F42 /* Frameworks */,
				4C16F69A1B5003F4000E0F42 /* Resources */,
			);
			buildRules = (
			);
			dependencies = (
			);
			name = "Swift-RSAUtils";
			productName = "Swift-RSAUtils";
			productReference = 4C16F69C1B5003F4000E0F42 /* Swift-RSAUtils.app */;
			productType = "com.apple.product-type.application";
		};
		4C16F6B01B5003F4000E0F42 /* Swift-RSAUtilsTests */ = {
			isa = PBXNativeTarget;
			buildConfigurationList = 4C16F6BE1B5003F4000E0F42 /* Build configuration list for PBXNativeTarget "Swift-RSAUtilsTests" */;
			buildPhases = (
				4C16F6AD1B5003F4000E0F42 /* Sources */,
				4C16F6AE1B5003F4000E0F42 /* Frameworks */,
				4C16F6AF1B5003F4000E0F42 /* Resources */,
			);
			buildRules = (
			);
			dependencies = (
				4C16F6B31B5003F4000E0F42 /* PBXTargetDependency */,
			);
			name = "Swift-RSAUtilsTests";
			productName = "Swift-RSAUtilsTests";
			productReference = 4C16F6B11B5003F4000E0F42 /* Swift-RSAUtilsTests.xctest */;
			productType = "com.apple.product-type.bundle.unit-test";
		};
/* End PBXNativeTarget section */

/* Begin PBXProject section */
		4C16F6941B5003F4000E0F42 /* Project object */ = {
			isa = PBXProject;
			attributes = {
				LastSwiftMigration = 0700;
				LastSwiftUpdateCheck = 0700;
				LastUpgradeCheck = 0700;
				ORGANIZATIONNAME = "Thanh Nguyen";
				TargetAttributes = {
					4C16F69B1B5003F4000E0F42 = {
						CreatedOnToolsVersion = 6.4;
					};
					4C16F6B01B5003F4000E0F42 = {
						CreatedOnToolsVersion = 6.4;
						TestTargetID = 4C16F69B1B5003F4000E0F42;
					};
				};
			};
			buildConfigurationList = 4C16F6971B5003F4000E0F42 /* Build configuration list for PBXProject "Swift-RSAUtils" */;
			compatibilityVersion = "Xcode 3.2";
			developmentRegion = English;
			hasScannedForEncodings = 0;
			knownRegions = (
				en,
				Base,
			);
			mainGroup = 4C16F6931B5003F4000E0F42;
			productRefGroup = 4C16F69D1B5003F4000E0F42 /* Products */;
			projectDirPath = "";
			projectRoot = "";
			targets = (
				4C16F69B1B5003F4000E0F42 /* Swift-RSAUtils */,
				4C16F6B01B5003F4000E0F42 /* Swift-RSAUtilsTests */,
			);
		};
/* End PBXProject section */

/* Begin PBXResourcesBuildPhase section */
		4C16F69A1B5003F4000E0F42 /* Resources */ = {
			isa = PBXResourcesBuildPhase;
			buildActionMask = 2147483647;
			files = (
				4C16F6A71B5003F4000E0F42 /* Main.storyboard in Resources */,
				4C16F6AC1B5003F4000E0F42 /* LaunchScreen.xib in Resources */,
				4C16F6A91B5003F4000E0F42 /* Images.xcassets in Resources */,
			);
			runOnlyForDeploymentPostprocessing = 0;
		};
		4C16F6AF1B5003F4000E0F42 /* Resources */ = {
			isa = PBXResourcesBuildPhase;
			buildActionMask = 2147483647;
			files = (
			);
			runOnlyForDeploymentPostprocessing = 0;
		};
/* End PBXResourcesBuildPhase section */

/* Begin PBXSourcesBuildPhase section */
		4C16F6981B5003F4000E0F42 /* Sources */ = {
			isa = PBXSourcesBuildPhase;
			buildActionMask = 2147483647;
			files = (
				4C16F6A41B5003F4000E0F42 /* ViewController.swift in Sources */,
				4C16F6C21B500C55000E0F42 /* RSAUtils.swift in Sources */,
				4C16F6A21B5003F4000E0F42 /* AppDelegate.swift in Sources */,
			);
			runOnlyForDeploymentPostprocessing = 0;
		};
		4C16F6AD1B5003F4000E0F42 /* Sources */ = {
			isa = PBXSourcesBuildPhase;
			buildActionMask = 2147483647;
			files = (
				4C16F6B81B5003F4000E0F42 /* Swift_RSAUtilsTests.swift in Sources */,
			);
			runOnlyForDeploymentPostprocessing = 0;
		};
/* End PBXSourcesBuildPhase section */

/* Begin PBXTargetDependency section */
		4C16F6B31B5003F4000E0F42 /* PBXTargetDependency */ = {
			isa = PBXTargetDependency;
			target = 4C16F69B1B5003F4000E0F42 /* Swift-RSAUtils */;
			targetProxy = 4C16F6B21B5003F4000E0F42 /* PBXContainerItemProxy */;
		};
/* End PBXTargetDependency section */

/* Begin PBXVariantGroup section */
		4C16F6A51B5003F4000E0F42 /* Main.storyboard */ = {
			isa = PBXVariantGroup;
			children = (
				4C16F6A61B5003F4000E0F42 /* Base */,
			);
			name = Main.storyboard;
			sourceTree = "<group>";
		};
		4C16F6AA1B5003F4000E0F42 /* LaunchScreen.xib */ = {
			isa = PBXVariantGroup;
			children = (
				4C16F6AB1B5003F4000E0F42 /* Base */,
			);
			name = LaunchScreen.xib;
			sourceTree = "<group>";
		};
/* End PBXVariantGroup section */

/* Begin XCBuildConfiguration section */
		4C16F6B91B5003F4000E0F42 /* Debug */ = {
			isa = XCBuildConfiguration;
			buildSettings = {
				ALWAYS_SEARCH_USER_PATHS = NO;
				CLANG_CXX_LANGUAGE_STANDARD = "gnu++0x";
				CLANG_CXX_LIBRARY = "libc++";
				CLANG_ENABLE_MODULES = YES;
				CLANG_ENABLE_OBJC_ARC = YES;
				CLANG_WARN_BOOL_CONVERSION = YES;
				CLANG_WARN_CONSTANT_CONVERSION = YES;
				CLANG_WARN_DIRECT_OBJC_ISA_USAGE = YES_ERROR;
				CLANG_WARN_EMPTY_BODY = YES;
				CLANG_WARN_ENUM_CONVERSION = YES;
				CLANG_WARN_INT_CONVERSION = YES;
				CLANG_WARN_OBJC_ROOT_CLASS = YES_ERROR;
				CLANG_WARN_UNREACHABLE_CODE = YES;
				CLANG_WARN__DUPLICATE_METHOD_MATCH = YES;
				"CODE_SIGN_IDENTITY[sdk=iphoneos*]" = "iPhone Developer";
				COPY_PHASE_STRIP = NO;
				DEBUG_INFORMATION_FORMAT = "dwarf-with-dsym";
				ENABLE_STRICT_OBJC_MSGSEND = YES;
				ENABLE_TESTABILITY = YES;
				GCC_C_LANGUAGE_STANDARD = gnu99;
				GCC_DYNAMIC_NO_PIC = NO;
				GCC_NO_COMMON_BLOCKS = YES;
				GCC_OPTIMIZATION_LEVEL = 0;
				GCC_PREPROCESSOR_DEFINITIONS = (
					"DEBUG=1",
					"$(inherited)",
				);
				GCC_SYMBOLS_PRIVATE_EXTERN = NO;
				GCC_WARN_64_TO_32_BIT_CONVERSION = YES;
				GCC_WARN_ABOUT_RETURN_TYPE = YES_ERROR;
				GCC_WARN_UNDECLARED_SELECTOR = YES;
				GCC_WARN_UNINITIALIZED_AUTOS = YES_AGGRESSIVE;
				GCC_WARN_UNUSED_FUNCTION = YES;
				GCC_WARN_UNUSED_VARIABLE = YES;
				IPHONEOS_DEPLOYMENT_TARGET = 8.4;
				MTL_ENABLE_DEBUG_INFO = YES;
				ONLY_ACTIVE_ARCH = YES;
				SDKROOT = iphoneos;
				SWIFT_OPTIMIZATION_LEVEL = "-Onone";
				TARGETED_DEVICE_FAMILY = "1,2";
			};
			name = Debug;
		};
		4C16F6BA1B5003F4000E0F42 /* Release */ = {
			isa = XCBuildConfiguration;
			buildSettings = {
				ALWAYS_SEARCH_USER_PATHS = NO;
				CLANG_CXX_LANGUAGE_STANDARD = "gnu++0x";
				CLANG_CXX_LIBRARY = "libc++";
				CLANG_ENABLE_MODULES = YES;
				CLANG_ENABLE_OBJC_ARC = YES;
				CLANG_WARN_BOOL_CONVERSION = YES;
				CLANG_WARN_CONSTANT_CONVERSION = YES;
				CLANG_WARN_DIRECT_OBJC_ISA_USAGE = YES_ERROR;
				CLANG_WARN_EMPTY_BODY = YES;
				CLANG_WARN_ENUM_CONVERSION = YES;
				CLANG_WARN_INT_CONVERSION = YES;
				CLANG_WARN_OBJC_ROOT_CLASS = YES_ERROR;
				CLANG_WARN_UNREACHABLE_CODE = YES;
				CLANG_WARN__DUPLICATE_METHOD_MATCH = YES;
				"CODE_SIGN_IDENTITY[sdk=iphoneos*]" = "iPhone Developer";
				COPY_PHASE_STRIP = NO;
				DEBUG_INFORMATION_FORMAT = "dwarf-with-dsym";
				ENABLE_NS_ASSERTIONS = NO;
				ENABLE_STRICT_OBJC_MSGSEND = YES;
				GCC_C_LANGUAGE_STANDARD = gnu99;
				GCC_NO_COMMON_BLOCKS = YES;
				GCC_WARN_64_TO_32_BIT_CONVERSION = YES;
				GCC_WARN_ABOUT_RETURN_TYPE = YES_ERROR;
				GCC_WARN_UNDECLARED_SELECTOR = YES;
				GCC_WARN_UNINITIALIZED_AUTOS = YES_AGGRESSIVE;
				GCC_WARN_UNUSED_FUNCTION = YES;
				GCC_WARN_UNUSED_VARIABLE = YES;
				IPHONEOS_DEPLOYMENT_TARGET = 8.4;
				MTL_ENABLE_DEBUG_INFO = NO;
				SDKROOT = iphoneos;
				TARGETED_DEVICE_FAMILY = "1,2";
				VALIDATE_PRODUCT = YES;
			};
			name = Release;
		};
		4C16F6BC1B5003F4000E0F42 /* Debug */ = {
			isa = XCBuildConfiguration;
			buildSettings = {
				ASSETCATALOG_COMPILER_APPICON_NAME = AppIcon;
				INFOPLIST_FILE = "Swift-RSAUtils/Info.plist";
				LD_RUNPATH_SEARCH_PATHS = "$(inherited) @executable_path/Frameworks";
				PRODUCT_BUNDLE_IDENTIFIER = "com.github.btnguyen2k.ios.$(PRODUCT_NAME:rfc1034identifier)";
				PRODUCT_NAME = "$(TARGET_NAME)";
			};
			name = Debug;
		};
		4C16F6BD1B5003F4000E0F42 /* Release */ = {
			isa = XCBuildConfiguration;
			buildSettings = {
				ASSETCATALOG_COMPILER_APPICON_NAME = AppIcon;
				INFOPLIST_FILE = "Swift-RSAUtils/Info.plist";
				LD_RUNPATH_SEARCH_PATHS = "$(inherited) @executable_path/Frameworks";
				PRODUCT_BUNDLE_IDENTIFIER = "com.github.btnguyen2k.ios.$(PRODUCT_NAME:rfc1034identifier)";
				PRODUCT_NAME = "$(TARGET_NAME)";
			};
			name = Release;
		};
		4C16F6BF1B5003F4000E0F42 /* Debug */ = {
			isa = XCBuildConfiguration;
			buildSettings = {
				BUNDLE_LOADER = "$(TEST_HOST)";
				FRAMEWORK_SEARCH_PATHS = (
					"$(SDKROOT)/Developer/Library/Frameworks",
					"$(inherited)",
				);
				GCC_PREPROCESSOR_DEFINITIONS = (
					"DEBUG=1",
					"$(inherited)",
				);
				INFOPLIST_FILE = "Swift-RSAUtilsTests/Info.plist";
				LD_RUNPATH_SEARCH_PATHS = "$(inherited) @executable_path/Frameworks @loader_path/Frameworks";
				PRODUCT_BUNDLE_IDENTIFIER = "com.github.btnguyen2k.ios.$(PRODUCT_NAME:rfc1034identifier)";
				PRODUCT_NAME = "$(TARGET_NAME)";
				TEST_HOST = "$(BUILT_PRODUCTS_DIR)/Swift-RSAUtils.app/Swift-RSAUtils";
			};
			name = Debug;
		};
		4C16F6C01B5003F4000E0F42 /* Release */ = {
			isa = XCBuildConfiguration;
			buildSettings = {
				BUNDLE_LOADER = "$(TEST_HOST)";
				FRAMEWORK_SEARCH_PATHS = (
					"$(SDKROOT)/Developer/Library/Frameworks",
					"$(inherited)",
				);
				INFOPLIST_FILE = "Swift-RSAUtilsTests/Info.plist";
				LD_RUNPATH_SEARCH_PATHS = "$(inherited) @executable_path/Frameworks @loader_path/Frameworks";
				PRODUCT_BUNDLE_IDENTIFIER = "com.github.btnguyen2k.ios.$(PRODUCT_NAME:rfc1034identifier)";
				PRODUCT_NAME = "$(TARGET_NAME)";
				TEST_HOST = "$(BUILT_PRODUCTS_DIR)/Swift-RSAUtils.app/Swift-RSAUtils";
			};
			name = Release;
		};
/* End XCBuildConfiguration section */

/* Begin XCConfigurationList section */
		4C16F6971B5003F4000E0F42 /* Build configuration list for PBXProject "Swift-RSAUtils" */ = {
			isa = XCConfigurationList;
			buildConfigurations = (
				4C16F6B91B5003F4000E0F42 /* Debug */,
				4C16F6BA1B5003F4000E0F42 /* Release */,
			);
			defaultConfigurationIsVisible = 0;
			defaultConfigurationName = Release;
		};
		4C16F6BB1B5003F4000E0F42 /* Build configuration list for PBXNativeTarget "Swift-RSAUtils" */ = {
			isa = XCConfigurationList;
			buildConfigurations = (
				4C16F6BC1B5003F4000E0F42 /* Debug */,
				4C16F6BD1B5003F4000E0F42 /* Release */,
			);
			defaultConfigurationIsVisible = 0;
			defaultConfigurationName = Release;
		};
		4C16F6BE1B5003F4000E0F42 /* Build configuration list for PBXNativeTarget "Swift-RSAUtilsTests" */ = {
			isa = XCConfigurationList;
			buildConfigurations = (
				4C16F6BF1B5003F4000E0F42 /* Debug */,
				4C16F6C01B5003F4000E0F42 /* Release */,
			);
			defaultConfigurationIsVisible = 0;
			defaultConfigurationName = Release;
		};
/* End XCConfigurationList section */
	};
	rootObject = 4C16F6941B5003F4000E0F42 /* Project object */;
}
